{
    "version": 3,
    "terraform_version": "0.11.7",
    "serial": 4,
    "lineage": "60cb8e2f-d6bd-a83c-a435-4d9cbae7d341",
    "modules": [
        {
            "path": [
                "root"
            ],
            "outputs": {},
            "resources": {
                "aws_iam_user.example.0": {
                    "type": "aws_iam_user",
                    "depends_on": [],
                    "primary": {
                        "id": "development",
                        "attributes": {
                            "arn": "arn:aws:iam::162405459633:user/development",
                            "force_destroy": "false",
                            "id": "development",
                            "name": "development",
                            "path": "/",
                            "tags.%": "0",
                            "unique_id": "AIDASLUA6U2YXHX2GHAUH"
                        },
                        "meta": {},
                        "tainted": false
                    },
                    "deposed": [],
                    "provider": "provider.aws"
                },
                "aws_iam_user.example.1": {
                    "type": "aws_iam_user",
                    "depends_on": [],
                    "primary": {
                        "id": "testing",
                        "attributes": {
                            "arn": "arn:aws:iam::162405459633:user/testing",
                            "force_destroy": "false",
                            "id": "testing",
                            "name": "testing",
                            "path": "/",
                            "tags.%": "0",
                            "unique_id": "AIDASLUA6U2YRT4ZMXL62"
                        },
                        "meta": {},
                        "tainted": false
                    },
                    "deposed": [],
                    "provider": "provider.aws"
                },
                "aws_iam_user.example.2": {
                    "type": "aws_iam_user",
                    "depends_on": [],
                    "primary": {
                        "id": "production",
                        "attributes": {
                            "arn": "arn:aws:iam::162405459633:user/production",
                            "force_destroy": "false",
                            "id": "production",
                            "name": "production",
                            "path": "/",
                            "tags.%": "0",
                            "unique_id": "AIDASLUA6U2Y7PO6SYECP"
                        },
                        "meta": {},
                        "tainted": false
                    },
                    "deposed": [],
                    "provider": "provider.aws"
                }
            },
            "depends_on": []
        }
    ]
}
